
Microsoft Visual Studio Solution File, Format Version 12.00
# Visual Studio 15
Project("{FAE04EC0-301F-11D3-BF4B-00C04F79EFBC}") = "Ludiq.PeekCore.Runtime", "Ludiq.PeekCore.Runtime.csproj", "{F469D33A-8C0C-0948-601E-DA3DC113EA45}"
EndProject
Project("{FAE04EC0-301F-11D3-BF4B-00C04F79EFBC}") = "Assembly-CSharp", "Assembly-CSharp.csproj", "{BC765F6A-932D-2837-2906-C0D75551A0BC}"
EndProject
Project("{FAE04EC0-301F-11D3-BF4B-00C04F79EFBC}") = "Ludiq.PeekCore.Editor", "Ludiq.PeekCore.Editor.csproj", "{D2097EF1-4FF4-E696-7727-A2B23D08D587}"
EndProject
Project("{FAE04EC0-301F-11D3-BF4B-00C04F79EFBC}") = "Ludiq.Peek.Editor", "Ludiq.Peek.Editor.csproj", "{ED13AE80-35A8-B3F3-B23C-D6C306F6A06A}"
EndProject
Global
	GlobalSection(SolutionConfigurationPlatforms) = preSolution
		Debug|Any CPU = Debug|Any CPU
		Release|Any CPU = Release|Any CPU
	EndGlobalSection
	GlobalSection(ProjectConfigurationPlatforms) = postSolution
		{F469D33A-8C0C-0948-601E-DA3DC113EA45}.Debug|Any CPU.ActiveCfg = Debug|Any CPU
		{F469D33A-8C0C-0948-601E-DA3DC113EA45}.Debug|Any CPU.Build.0 = Debug|Any CPU
		{F469D33A-8C0C-0948-601E-DA3DC113EA45}.Release|Any CPU.ActiveCfg = Release|Any CPU
		{F469D33A-8C0C-0948-601E-DA3DC113EA45}.Release|Any CPU.Build.0 = Release|Any CPU
		{BC765F6A-932D-2837-2906-C0D75551A0BC}.Debug|Any CPU.ActiveCfg = Debug|Any CPU
		{BC765F6A-932D-2837-2906-C0D75551A0BC}.Debug|Any CPU.Build.0 = Debug|Any CPU
		{BC765F6A-932D-2837-2906-C0D75551A0BC}.Release|Any CPU.ActiveCfg = Release|Any CPU
		{BC765F6A-932D-2837-2906-C0D75551A0BC}.Release|Any CPU.Build.0 = Release|Any CPU
		{D2097EF1-4FF4-E696-7727-A2B23D08D587}.Debug|Any CPU.ActiveCfg = Debug|Any CPU
		{D2097EF1-4FF4-E696-7727-A2B23D08D587}.Debug|Any CPU.Build.0 = Debug|Any CPU
		{D2097EF1-4FF4-E696-7727-A2B23D08D587}.Release|Any CPU.ActiveCfg = Release|Any CPU
		{D2097EF1-4FF4-E696-7727-A2B23D08D587}.Release|Any CPU.Build.0 = Release|Any CPU
		{ED13AE80-35A8-B3F3-B23C-D6C306F6A06A}.Debug|Any CPU.ActiveCfg = Debug|Any CPU
		{ED13AE80-35A8-B3F3-B23C-D6C306F6A06A}.Debug|Any CPU.Build.0 = Debug|Any CPU
		{ED13AE80-35A8-B3F3-B23C-D6C306F6A06A}.Release|Any CPU.ActiveCfg = Release|Any CPU
		{ED13AE80-35A8-B3F3-B23C-D6C306F6A06A}.Release|Any CPU.Build.0 = Release|Any CPU
	EndGlobalSection
	GlobalSection(SolutionProperties) = preSolution
		HideSolutionNode = FALSE
	EndGlobalSection
EndGlobal
